
Microsoft Visual Studio Solution File, Format Version 12.00
# Visual Studio Version 16
VisualStudioVersion = 16.0.29411.108
MinimumVisualStudioVersion = 10.0.40219.1
Project("{8BC9CEB8-8B4A-11D0-8D11-00A0C91BC942}") = "MajorProjectPre", "MajorProjectPre\MajorProjectPre.vcxproj", "{ACA1F510-EAE4-42A4-AF3D-82B829F65BCB}"
EndProject
Global
	GlobalSection(SolutionConfigurationPlatforms) = preSolution
		Debug|x64 = Debug|x64
		Debug|x86 = Debug|x86
		Release|x64 = Release|x64
		Release|x86 = Release|x86
	EndGlobalSection
	GlobalSection(ProjectConfigurationPlatforms) = postSolution
		{ACA1F510-EAE4-42A4-AF3D-82B829F65BCB}.Debug|x64.ActiveCfg = Debug|x64
		{ACA1F510-EAE4-42A4-AF3D-82B829F65BCB}.Debug|x64.Build.0 = Debug|x64
		{ACA1F510-EAE4-42A4-AF3D-82B829F65BCB}.Debug|x86.ActiveCfg = Debug|Win32
		{ACA1F510-EAE4-42A4-AF3D-82B829F65BCB}.Debug|x86.Build.0 = Debug|Win32
		{ACA1F510-EAE4-42A4-AF3D-82B829F65BCB}.Release|x64.ActiveCfg = Release|x64
		{ACA1F510-EAE4-42A4-AF3D-82B829F65BCB}.Release|x64.Build.0 = Release|x64
		{ACA1F510-EAE4-42A4-AF3D-82B829F65BCB}.Release|x86.ActiveCfg = Release|Win32
		{ACA1F510-EAE4-42A4-AF3D-82B829F65BCB}.Release|x86.Build.0 = Release|Win32
	EndGlobalSection
	GlobalSection(SolutionProperties) = preSolution
		HideSolutionNode = FALSE
	EndGlobalSection
	GlobalSection(ExtensibilityGlobals) = postSolution
		SolutionGuid = {BF3A9FE2-CF77-4DE9-89EC-6A9CBFF069AF}
	EndGlobalSection
EndGlobal
